
Microsoft Visual Studio Solution File, Format Version 12.00
# Visual Studio 15
VisualStudioVersion = 15.0.27428.2011
MinimumVisualStudioVersion = 10.0.40219.1
Project("{FAE04EC0-301F-11D3-BF4B-00C04F79EFBC}") = "ShipGameTest", "ShipGameTest\ShipGameTest.csproj", "{780B9227-E0E3-4358-B8D9-6C57AF313255}"
EndProject
Project("{FAE04EC0-301F-11D3-BF4B-00C04F79EFBC}") = "Ships", "Ships\Ships.csproj", "{656999D1-8097-46AE-BB70-3860F14EC80E}"
EndProject
Project("{FAE04EC0-301F-11D3-BF4B-00C04F79EFBC}") = "ShipsWeb", "ShipsWeb\ShipsWeb.csproj", "{C0219DAD-33CF-499A-A0EA-5CEB5B06FC7E}"
EndProject
Global
	GlobalSection(SolutionConfigurationPlatforms) = preSolution
		Debug|Any CPU = Debug|Any CPU
		Release|Any CPU = Release|Any CPU
	EndGlobalSection
	GlobalSection(ProjectConfigurationPlatforms) = postSolution
		{780B9227-E0E3-4358-B8D9-6C57AF313255}.Debug|Any CPU.ActiveCfg = Debug|Any CPU
		{780B9227-E0E3-4358-B8D9-6C57AF313255}.Debug|Any CPU.Build.0 = Debug|Any CPU
		{780B9227-E0E3-4358-B8D9-6C57AF313255}.Release|Any CPU.ActiveCfg = Release|Any CPU
		{780B9227-E0E3-4358-B8D9-6C57AF313255}.Release|Any CPU.Build.0 = Release|Any CPU
		{656999D1-8097-46AE-BB70-3860F14EC80E}.Debug|Any CPU.ActiveCfg = Debug|Any CPU
		{656999D1-8097-46AE-BB70-3860F14EC80E}.Debug|Any CPU.Build.0 = Debug|Any CPU
		{656999D1-8097-46AE-BB70-3860F14EC80E}.Release|Any CPU.ActiveCfg = Release|Any CPU
		{656999D1-8097-46AE-BB70-3860F14EC80E}.Release|Any CPU.Build.0 = Release|Any CPU
		{C0219DAD-33CF-499A-A0EA-5CEB5B06FC7E}.Debug|Any CPU.ActiveCfg = Debug|Any CPU
		{C0219DAD-33CF-499A-A0EA-5CEB5B06FC7E}.Debug|Any CPU.Build.0 = Debug|Any CPU
		{C0219DAD-33CF-499A-A0EA-5CEB5B06FC7E}.Release|Any CPU.ActiveCfg = Release|Any CPU
		{C0219DAD-33CF-499A-A0EA-5CEB5B06FC7E}.Release|Any CPU.Build.0 = Release|Any CPU
	EndGlobalSection
	GlobalSection(SolutionProperties) = preSolution
		HideSolutionNode = FALSE
	EndGlobalSection
	GlobalSection(ExtensibilityGlobals) = postSolution
		SolutionGuid = {1848C50B-2491-44BB-ACB5-C1E26DE2DE7D}
	EndGlobalSection
EndGlobal
